
Microsoft Visual Studio Solution File, Format Version 12.00
# Visual Studio Version 17
VisualStudioVersion = 17.7.34024.191
MinimumVisualStudioVersion = 10.0.40219.1
Project("{9A19103F-16F7-4668-BE54-9A1E7A4F7556}") = "ApiRestaurante", "ApiRestaurante.csproj", "{CE56635C-21E9-4422-B713-ADBFD2BDB592}"
EndProject
Project("{9A19103F-16F7-4668-BE54-9A1E7A4F7556}") = "ApiRestaurante.Data", "..\ApiRestaurante.Data\ApiRestaurante.Data.csproj", "{140B645A-7897-461C-B342-7A694924577A}"
EndProject
Project("{9A19103F-16F7-4668-BE54-9A1E7A4F7556}") = "ApiRestaurante.Domain", "..\ApiRestaurante.Domain\ApiRestaurante.Domain.csproj", "{AA352E3D-3D41-4705-B827-155CC0925E95}"
EndProject
Project("{9A19103F-16F7-4668-BE54-9A1E7A4F7556}") = "ApiRestaurante.Services", "..\ApiRestaurante.Services\ApiRestaurante.Services.csproj", "{1D1C9054-8E9A-4902-812D-665E0A1975BA}"
EndProject
Project("{FAE04EC0-301F-11D3-BF4B-00C04F79EFBC}") = "ApiRestaurante.Test", "..\ApiRestaurante.Test\ApiRestaurante.Test.csproj", "{49D08509-8476-4177-8847-A21039E70CF7}"
EndProject
Global
	GlobalSection(SolutionConfigurationPlatforms) = preSolution
		Debug|Any CPU = Debug|Any CPU
		Release|Any CPU = Release|Any CPU
	EndGlobalSection
	GlobalSection(ProjectConfigurationPlatforms) = postSolution
		{CE56635C-21E9-4422-B713-ADBFD2BDB592}.Debug|Any CPU.ActiveCfg = Debug|Any CPU
		{CE56635C-21E9-4422-B713-ADBFD2BDB592}.Debug|Any CPU.Build.0 = Debug|Any CPU
		{CE56635C-21E9-4422-B713-ADBFD2BDB592}.Release|Any CPU.ActiveCfg = Release|Any CPU
		{CE56635C-21E9-4422-B713-ADBFD2BDB592}.Release|Any CPU.Build.0 = Release|Any CPU
		{140B645A-7897-461C-B342-7A694924577A}.Debug|Any CPU.ActiveCfg = Debug|Any CPU
		{140B645A-7897-461C-B342-7A694924577A}.Debug|Any CPU.Build.0 = Debug|Any CPU
		{140B645A-7897-461C-B342-7A694924577A}.Release|Any CPU.ActiveCfg = Release|Any CPU
		{140B645A-7897-461C-B342-7A694924577A}.Release|Any CPU.Build.0 = Release|Any CPU
		{AA352E3D-3D41-4705-B827-155CC0925E95}.Debug|Any CPU.ActiveCfg = Debug|Any CPU
		{AA352E3D-3D41-4705-B827-155CC0925E95}.Debug|Any CPU.Build.0 = Debug|Any CPU
		{AA352E3D-3D41-4705-B827-155CC0925E95}.Release|Any CPU.ActiveCfg = Release|Any CPU
		{AA352E3D-3D41-4705-B827-155CC0925E95}.Release|Any CPU.Build.0 = Release|Any CPU
		{1D1C9054-8E9A-4902-812D-665E0A1975BA}.Debug|Any CPU.ActiveCfg = Debug|Any CPU
		{1D1C9054-8E9A-4902-812D-665E0A1975BA}.Debug|Any CPU.Build.0 = Debug|Any CPU
		{1D1C9054-8E9A-4902-812D-665E0A1975BA}.Release|Any CPU.ActiveCfg = Release|Any CPU
		{1D1C9054-8E9A-4902-812D-665E0A1975BA}.Release|Any CPU.Build.0 = Release|Any CPU
		{49D08509-8476-4177-8847-A21039E70CF7}.Debug|Any CPU.ActiveCfg = Debug|Any CPU
		{49D08509-8476-4177-8847-A21039E70CF7}.Debug|Any CPU.Build.0 = Debug|Any CPU
		{49D08509-8476-4177-8847-A21039E70CF7}.Release|Any CPU.ActiveCfg = Release|Any CPU
		{49D08509-8476-4177-8847-A21039E70CF7}.Release|Any CPU.Build.0 = Release|Any CPU
	EndGlobalSection
	GlobalSection(SolutionProperties) = preSolution
		HideSolutionNode = FALSE
	EndGlobalSection
	GlobalSection(ExtensibilityGlobals) = postSolution
		SolutionGuid = {EDF7B343-12D7-4BC4-9967-311E2CB9A7FF}
	EndGlobalSection
EndGlobal
