
Microsoft Visual Studio Solution File, Format Version 12.00
# Visual Studio Version 17
VisualStudioVersion = 17.7.34024.191
MinimumVisualStudioVersion = 10.0.40219.1
Project("{FAE04EC0-301F-11D3-BF4B-00C04F79EFBC}") = "ApiDevelop", "ApiDevelop.csproj", "{B6427FEA-EF18-43E1-B629-928617190895}"
EndProject
Project("{FAE04EC0-301F-11D3-BF4B-00C04F79EFBC}") = "ApiDevelop.Data", "..\ApiDevelop.Data\ApiDevelop.Data.csproj", "{2C55D3EB-B444-48E0-B2B9-67CCF90906B3}"
EndProject
Project("{FAE04EC0-301F-11D3-BF4B-00C04F79EFBC}") = "ApiDevelop.Domain", "..\ApiDevelop.Domain\ApiDevelop.Domain.csproj", "{053BDAAD-72DC-4ED2-AED2-4DD3B89194CE}"
EndProject
Project("{FAE04EC0-301F-11D3-BF4B-00C04F79EFBC}") = "ApiDevelop.Services", "..\ApiDevelop.Services\ApiDevelop.Services.csproj", "{505AE890-7FB9-4FD2-A922-6D322B711422}"
EndProject
Project("{FAE04EC0-301F-11D3-BF4B-00C04F79EFBC}") = "ApiDevelop.Test", "..\ApiDevelop.Test\ApiDevelop.Test.csproj", "{3B9EE42E-8EEC-4D32-B4F0-F66EE01124B6}"
EndProject
Global
	GlobalSection(SolutionConfigurationPlatforms) = preSolution
		Debug|Any CPU = Debug|Any CPU
		Release|Any CPU = Release|Any CPU
	EndGlobalSection
	GlobalSection(ProjectConfigurationPlatforms) = postSolution
		{B6427FEA-EF18-43E1-B629-928617190895}.Debug|Any CPU.ActiveCfg = Debug|Any CPU
		{B6427FEA-EF18-43E1-B629-928617190895}.Debug|Any CPU.Build.0 = Debug|Any CPU
		{B6427FEA-EF18-43E1-B629-928617190895}.Release|Any CPU.ActiveCfg = Release|Any CPU
		{B6427FEA-EF18-43E1-B629-928617190895}.Release|Any CPU.Build.0 = Release|Any CPU
		{2C55D3EB-B444-48E0-B2B9-67CCF90906B3}.Debug|Any CPU.ActiveCfg = Debug|Any CPU
		{2C55D3EB-B444-48E0-B2B9-67CCF90906B3}.Debug|Any CPU.Build.0 = Debug|Any CPU
		{2C55D3EB-B444-48E0-B2B9-67CCF90906B3}.Release|Any CPU.ActiveCfg = Release|Any CPU
		{2C55D3EB-B444-48E0-B2B9-67CCF90906B3}.Release|Any CPU.Build.0 = Release|Any CPU
		{053BDAAD-72DC-4ED2-AED2-4DD3B89194CE}.Debug|Any CPU.ActiveCfg = Debug|Any CPU
		{053BDAAD-72DC-4ED2-AED2-4DD3B89194CE}.Debug|Any CPU.Build.0 = Debug|Any CPU
		{053BDAAD-72DC-4ED2-AED2-4DD3B89194CE}.Release|Any CPU.ActiveCfg = Release|Any CPU
		{053BDAAD-72DC-4ED2-AED2-4DD3B89194CE}.Release|Any CPU.Build.0 = Release|Any CPU
		{505AE890-7FB9-4FD2-A922-6D322B711422}.Debug|Any CPU.ActiveCfg = Debug|Any CPU
		{505AE890-7FB9-4FD2-A922-6D322B711422}.Debug|Any CPU.Build.0 = Debug|Any CPU
		{505AE890-7FB9-4FD2-A922-6D322B711422}.Release|Any CPU.ActiveCfg = Release|Any CPU
		{505AE890-7FB9-4FD2-A922-6D322B711422}.Release|Any CPU.Build.0 = Release|Any CPU
		{3B9EE42E-8EEC-4D32-B4F0-F66EE01124B6}.Debug|Any CPU.ActiveCfg = Debug|Any CPU
		{3B9EE42E-8EEC-4D32-B4F0-F66EE01124B6}.Debug|Any CPU.Build.0 = Debug|Any CPU
		{3B9EE42E-8EEC-4D32-B4F0-F66EE01124B6}.Release|Any CPU.ActiveCfg = Release|Any CPU
		{3B9EE42E-8EEC-4D32-B4F0-F66EE01124B6}.Release|Any CPU.Build.0 = Release|Any CPU
	EndGlobalSection
	GlobalSection(SolutionProperties) = preSolution
		HideSolutionNode = FALSE
	EndGlobalSection
	GlobalSection(ExtensibilityGlobals) = postSolution
		SolutionGuid = {6969BF16-0767-4736-90F0-12C363B5994E}
	EndGlobalSection
EndGlobal
